
Microsoft Visual Studio Solution File, Format Version 12.00
# Visual Studio Version 17
VisualStudioVersion = 17.2.32630.192
MinimumVisualStudioVersion = 10.0.40219.1
Project("{9A19103F-16F7-4668-BE54-9A1E7A4F7556}") = "ACME.DataLayer.Entities", "ACME.DataLayer.Entities\ACME.DataLayer.Entities.csproj", "{24CC2869-42F0-40C6-A7D7-A4BE55F4B166}"
EndProject
Project("{9A19103F-16F7-4668-BE54-9A1E7A4F7556}") = "ACME.DataLayer.Repository.SqlServer", "ACME.DataLayer.Repository.SqlServer\ACME.DataLayer.Repository.SqlServer.csproj", "{C1227A0B-4133-408D-B1F1-05A7CAF3487B}"
EndProject
Project("{9A19103F-16F7-4668-BE54-9A1E7A4F7556}") = "ACME.DataLayer.Interfaces", "ACME.DataLayer.Interfaces\ACME.DataLayer.Interfaces.csproj", "{463F05E0-18B3-47CF-88AA-CFD478BCD438}"
EndProject
Project("{9A19103F-16F7-4668-BE54-9A1E7A4F7556}") = "ACME.Datalayer.Repositories.Tests", "ACME.Datalayer.Repositories.Tests\ACME.Datalayer.Repositories.Tests.csproj", "{B7EA5344-6CAB-4DC7-A045-65DA3032AC42}"
EndProject
Project("{9A19103F-16F7-4668-BE54-9A1E7A4F7556}") = "ACME.Frontend.WPF", "..\..\..\Exercise 13\Solution\ACMESolution\ACME.Frontend.WPF\ACME.Frontend.WPF.csproj", "{347E0C25-471B-4530-83BF-37B95DB1186B}"
EndProject
Project("{9A19103F-16F7-4668-BE54-9A1E7A4F7556}") = "ACME.Frontend.WPF.Core", "..\..\..\Exercise 13\Solution\ACMESolution\ACME.Frontend.WPF.Core\ACME.Frontend.WPF.Core.csproj", "{DF4E6803-F20E-465B-B4FD-DE1C8742672A}"
EndProject
Project("{9A19103F-16F7-4668-BE54-9A1E7A4F7556}") = "ACME.Frontend.WPF.UserControls", "..\..\..\Exercise 13\Solution\ACMESolution\ACME.Frontend.WPF.UserControls\ACME.Frontend.WPF.UserControls.csproj", "{17FE7103-7E8D-40CF-80CE-75016F3D12EB}"
EndProject
Project("{9A19103F-16F7-4668-BE54-9A1E7A4F7556}") = "ACME.Backend.ShopApi", "..\..\..\Exercise 13\Solution\ACMESolution\ACME.Backend.ShopApi\ACME.Backend.ShopApi.csproj", "{D5818F77-C04A-4169-B142-F4B55A07224F}"
EndProject
Global
	GlobalSection(SolutionConfigurationPlatforms) = preSolution
		Debug|Any CPU = Debug|Any CPU
		Release|Any CPU = Release|Any CPU
	EndGlobalSection
	GlobalSection(ProjectConfigurationPlatforms) = postSolution
		{24CC2869-42F0-40C6-A7D7-A4BE55F4B166}.Debug|Any CPU.ActiveCfg = Debug|Any CPU
		{24CC2869-42F0-40C6-A7D7-A4BE55F4B166}.Debug|Any CPU.Build.0 = Debug|Any CPU
		{24CC2869-42F0-40C6-A7D7-A4BE55F4B166}.Release|Any CPU.ActiveCfg = Release|Any CPU
		{24CC2869-42F0-40C6-A7D7-A4BE55F4B166}.Release|Any CPU.Build.0 = Release|Any CPU
		{C1227A0B-4133-408D-B1F1-05A7CAF3487B}.Debug|Any CPU.ActiveCfg = Debug|Any CPU
		{C1227A0B-4133-408D-B1F1-05A7CAF3487B}.Debug|Any CPU.Build.0 = Debug|Any CPU
		{C1227A0B-4133-408D-B1F1-05A7CAF3487B}.Release|Any CPU.ActiveCfg = Release|Any CPU
		{C1227A0B-4133-408D-B1F1-05A7CAF3487B}.Release|Any CPU.Build.0 = Release|Any CPU
		{463F05E0-18B3-47CF-88AA-CFD478BCD438}.Debug|Any CPU.ActiveCfg = Debug|Any CPU
		{463F05E0-18B3-47CF-88AA-CFD478BCD438}.Debug|Any CPU.Build.0 = Debug|Any CPU
		{463F05E0-18B3-47CF-88AA-CFD478BCD438}.Release|Any CPU.ActiveCfg = Release|Any CPU
		{463F05E0-18B3-47CF-88AA-CFD478BCD438}.Release|Any CPU.Build.0 = Release|Any CPU
		{B7EA5344-6CAB-4DC7-A045-65DA3032AC42}.Debug|Any CPU.ActiveCfg = Debug|Any CPU
		{B7EA5344-6CAB-4DC7-A045-65DA3032AC42}.Debug|Any CPU.Build.0 = Debug|Any CPU
		{B7EA5344-6CAB-4DC7-A045-65DA3032AC42}.Release|Any CPU.ActiveCfg = Release|Any CPU
		{B7EA5344-6CAB-4DC7-A045-65DA3032AC42}.Release|Any CPU.Build.0 = Release|Any CPU
		{347E0C25-471B-4530-83BF-37B95DB1186B}.Debug|Any CPU.ActiveCfg = Debug|Any CPU
		{347E0C25-471B-4530-83BF-37B95DB1186B}.Debug|Any CPU.Build.0 = Debug|Any CPU
		{347E0C25-471B-4530-83BF-37B95DB1186B}.Release|Any CPU.ActiveCfg = Release|Any CPU
		{347E0C25-471B-4530-83BF-37B95DB1186B}.Release|Any CPU.Build.0 = Release|Any CPU
		{DF4E6803-F20E-465B-B4FD-DE1C8742672A}.Debug|Any CPU.ActiveCfg = Debug|Any CPU
		{DF4E6803-F20E-465B-B4FD-DE1C8742672A}.Debug|Any CPU.Build.0 = Debug|Any CPU
		{DF4E6803-F20E-465B-B4FD-DE1C8742672A}.Release|Any CPU.ActiveCfg = Release|Any CPU
		{DF4E6803-F20E-465B-B4FD-DE1C8742672A}.Release|Any CPU.Build.0 = Release|Any CPU
		{17FE7103-7E8D-40CF-80CE-75016F3D12EB}.Debug|Any CPU.ActiveCfg = Debug|Any CPU
		{17FE7103-7E8D-40CF-80CE-75016F3D12EB}.Debug|Any CPU.Build.0 = Debug|Any CPU
		{17FE7103-7E8D-40CF-80CE-75016F3D12EB}.Release|Any CPU.ActiveCfg = Release|Any CPU
		{17FE7103-7E8D-40CF-80CE-75016F3D12EB}.Release|Any CPU.Build.0 = Release|Any CPU
		{D5818F77-C04A-4169-B142-F4B55A07224F}.Debug|Any CPU.ActiveCfg = Debug|Any CPU
		{D5818F77-C04A-4169-B142-F4B55A07224F}.Debug|Any CPU.Build.0 = Debug|Any CPU
		{D5818F77-C04A-4169-B142-F4B55A07224F}.Release|Any CPU.ActiveCfg = Release|Any CPU
		{D5818F77-C04A-4169-B142-F4B55A07224F}.Release|Any CPU.Build.0 = Release|Any CPU
	EndGlobalSection
	GlobalSection(SolutionProperties) = preSolution
		HideSolutionNode = FALSE
	EndGlobalSection
	GlobalSection(ExtensibilityGlobals) = postSolution
		SolutionGuid = {F05247AE-17DE-47E1-BBB9-3D57B3180D73}
	EndGlobalSection
EndGlobal
