
Microsoft Visual Studio Solution File, Format Version 12.00
# Visual Studio Version 17
VisualStudioVersion = 17.3.32922.545
MinimumVisualStudioVersion = 10.0.40219.1
Project("{FAE04EC0-301F-11D3-BF4B-00C04F79EFBC}") = "Oertijd", "Oertijd\Oertijd.csproj", "{0AEA1CEE-AEF9-45C5-B3C6-6676B30655C1}"
EndProject
Global
	GlobalSection(SolutionConfigurationPlatforms) = preSolution
		Debug|Any CPU = Debug|Any CPU
		Release|Any CPU = Release|Any CPU
	EndGlobalSection
	GlobalSection(ProjectConfigurationPlatforms) = postSolution
		{0AEA1CEE-AEF9-45C5-B3C6-6676B30655C1}.Debug|Any CPU.ActiveCfg = Debug|Any CPU
		{0AEA1CEE-AEF9-45C5-B3C6-6676B30655C1}.Debug|Any CPU.Build.0 = Debug|Any CPU
		{0AEA1CEE-AEF9-45C5-B3C6-6676B30655C1}.Release|Any CPU.ActiveCfg = Release|Any CPU
		{0AEA1CEE-AEF9-45C5-B3C6-6676B30655C1}.Release|Any CPU.Build.0 = Release|Any CPU
	EndGlobalSection
	GlobalSection(SolutionProperties) = preSolution
		HideSolutionNode = FALSE
	EndGlobalSection
	GlobalSection(ExtensibilityGlobals) = postSolution
		SolutionGuid = {B62168AD-5A66-441B-8F80-CBBCD2571237}
	EndGlobalSection
EndGlobal
