
Microsoft Visual Studio Solution File, Format Version 12.00
# Visual Studio Version 17
VisualStudioVersion = 17.3.32922.545
MinimumVisualStudioVersion = 10.0.40219.1
Project("{9A19103F-16F7-4668-BE54-9A1E7A4F7556}") = "BasicEF", "BasicEF\BasicEF.csproj", "{3E60AD25-0DBB-4A4C-9EE8-0EEBA73F73E6}"
EndProject
Project("{9A19103F-16F7-4668-BE54-9A1E7A4F7556}") = "Scaffold", "Scaffold\Scaffold.csproj", "{5B5C1027-8DCB-440C-ABE6-532DABA52F36}"
EndProject
Global
	GlobalSection(SolutionConfigurationPlatforms) = preSolution
		Debug|Any CPU = Debug|Any CPU
		Release|Any CPU = Release|Any CPU
	EndGlobalSection
	GlobalSection(ProjectConfigurationPlatforms) = postSolution
		{3E60AD25-0DBB-4A4C-9EE8-0EEBA73F73E6}.Debug|Any CPU.ActiveCfg = Debug|Any CPU
		{3E60AD25-0DBB-4A4C-9EE8-0EEBA73F73E6}.Debug|Any CPU.Build.0 = Debug|Any CPU
		{3E60AD25-0DBB-4A4C-9EE8-0EEBA73F73E6}.Release|Any CPU.ActiveCfg = Release|Any CPU
		{3E60AD25-0DBB-4A4C-9EE8-0EEBA73F73E6}.Release|Any CPU.Build.0 = Release|Any CPU
		{5B5C1027-8DCB-440C-ABE6-532DABA52F36}.Debug|Any CPU.ActiveCfg = Debug|Any CPU
		{5B5C1027-8DCB-440C-ABE6-532DABA52F36}.Debug|Any CPU.Build.0 = Debug|Any CPU
		{5B5C1027-8DCB-440C-ABE6-532DABA52F36}.Release|Any CPU.ActiveCfg = Release|Any CPU
		{5B5C1027-8DCB-440C-ABE6-532DABA52F36}.Release|Any CPU.Build.0 = Release|Any CPU
	EndGlobalSection
	GlobalSection(SolutionProperties) = preSolution
		HideSolutionNode = FALSE
	EndGlobalSection
	GlobalSection(ExtensibilityGlobals) = postSolution
		SolutionGuid = {027B5ED5-D66F-42BC-B974-1B37C1881732}
	EndGlobalSection
EndGlobal
