
Microsoft Visual Studio Solution File, Format Version 12.00
# Visual Studio Version 17
VisualStudioVersion = 17.3.32819.101
MinimumVisualStudioVersion = 10.0.40219.1
Project("{FAE04EC0-301F-11D3-BF4B-00C04F79EFBC}") = "DemoTransactions", "DemoTransactions\DemoTransactions.csproj", "{833649CD-0664-4DD4-9585-5EDF33521F30}"
EndProject
Project("{FAE04EC0-301F-11D3-BF4B-00C04F79EFBC}") = "DemoLogging", "DemoLogging\DemoLogging.csproj", "{BFB027B7-DED4-43BC-8F7B-1BD86E2067DE}"
EndProject
Project("{FAE04EC0-301F-11D3-BF4B-00C04F79EFBC}") = "DemoPerformance", "DemoPerformance\DemoPerformance.csproj", "{F96609D3-0643-47ED-BF1A-BBFD60A9549C}"
EndProject
Global
	GlobalSection(SolutionConfigurationPlatforms) = preSolution
		Debug|Any CPU = Debug|Any CPU
		Release|Any CPU = Release|Any CPU
	EndGlobalSection
	GlobalSection(ProjectConfigurationPlatforms) = postSolution
		{833649CD-0664-4DD4-9585-5EDF33521F30}.Debug|Any CPU.ActiveCfg = Debug|Any CPU
		{833649CD-0664-4DD4-9585-5EDF33521F30}.Debug|Any CPU.Build.0 = Debug|Any CPU
		{833649CD-0664-4DD4-9585-5EDF33521F30}.Release|Any CPU.ActiveCfg = Release|Any CPU
		{833649CD-0664-4DD4-9585-5EDF33521F30}.Release|Any CPU.Build.0 = Release|Any CPU
		{BFB027B7-DED4-43BC-8F7B-1BD86E2067DE}.Debug|Any CPU.ActiveCfg = Debug|Any CPU
		{BFB027B7-DED4-43BC-8F7B-1BD86E2067DE}.Debug|Any CPU.Build.0 = Debug|Any CPU
		{BFB027B7-DED4-43BC-8F7B-1BD86E2067DE}.Release|Any CPU.ActiveCfg = Release|Any CPU
		{BFB027B7-DED4-43BC-8F7B-1BD86E2067DE}.Release|Any CPU.Build.0 = Release|Any CPU
		{F96609D3-0643-47ED-BF1A-BBFD60A9549C}.Debug|Any CPU.ActiveCfg = Debug|Any CPU
		{F96609D3-0643-47ED-BF1A-BBFD60A9549C}.Debug|Any CPU.Build.0 = Debug|Any CPU
		{F96609D3-0643-47ED-BF1A-BBFD60A9549C}.Release|Any CPU.ActiveCfg = Release|Any CPU
		{F96609D3-0643-47ED-BF1A-BBFD60A9549C}.Release|Any CPU.Build.0 = Release|Any CPU
	EndGlobalSection
	GlobalSection(SolutionProperties) = preSolution
		HideSolutionNode = FALSE
	EndGlobalSection
	GlobalSection(ExtensibilityGlobals) = postSolution
		SolutionGuid = {3F77F86E-4AAC-45C3-BF3F-C6BD8194D996}
	EndGlobalSection
EndGlobal
